
Microsoft Visual Studio Solution File, Format Version 12.00
# Visual Studio 14
VisualStudioVersion = 14.0.25420.1
MinimumVisualStudioVersion = 10.0.40219.1
Project("{F2A71F9B-5D33-465A-A702-920D77279786}") = "WinFormTextBox", "WinFormApp1\WinFormTextBox.fsproj", "{17A49DB2-AA73-4E82-A9B5-5E4CE7793C65}"
EndProject
Project("{F2A71F9B-5D33-465A-A702-920D77279786}") = "WinFormButton", "WindowsFormFsharp1\WinFormButton.fsproj", "{7C1C473F-743E-4247-88A9-23BB4DBCEA8F}"
EndProject
Project("{F2A71F9B-5D33-465A-A702-920D77279786}") = "WinFormGraficoPizza", "..\..\..\F#\Real World Functional Programming With Examples in F and C\Chapter04\WinForm1\WinFormGraficoPizza.fsproj", "{0C676409-1CF8-459F-BC25-1599C6A01F13}"
EndProject
Project("{FAE04EC0-301F-11D3-BF4B-00C04F79EFBC}") = "WinFormCsharp", "WindowsFormsApplication1\WinFormCsharp.csproj", "{DDEC9224-550B-43A0-BA19-3ED4105A28DA}"
EndProject
Global
	GlobalSection(SolutionConfigurationPlatforms) = preSolution
		Debug|Any CPU = Debug|Any CPU
		Debug|x86 = Debug|x86
		Release|Any CPU = Release|Any CPU
		Release|x86 = Release|x86
	EndGlobalSection
	GlobalSection(ProjectConfigurationPlatforms) = postSolution
		{17A49DB2-AA73-4E82-A9B5-5E4CE7793C65}.Debug|Any CPU.ActiveCfg = Debug|Any CPU
		{17A49DB2-AA73-4E82-A9B5-5E4CE7793C65}.Debug|Any CPU.Build.0 = Debug|Any CPU
		{17A49DB2-AA73-4E82-A9B5-5E4CE7793C65}.Debug|x86.ActiveCfg = Debug|Any CPU
		{17A49DB2-AA73-4E82-A9B5-5E4CE7793C65}.Debug|x86.Build.0 = Debug|Any CPU
		{17A49DB2-AA73-4E82-A9B5-5E4CE7793C65}.Release|Any CPU.ActiveCfg = Release|Any CPU
		{17A49DB2-AA73-4E82-A9B5-5E4CE7793C65}.Release|Any CPU.Build.0 = Release|Any CPU
		{17A49DB2-AA73-4E82-A9B5-5E4CE7793C65}.Release|x86.ActiveCfg = Release|Any CPU
		{17A49DB2-AA73-4E82-A9B5-5E4CE7793C65}.Release|x86.Build.0 = Release|Any CPU
		{7C1C473F-743E-4247-88A9-23BB4DBCEA8F}.Debug|Any CPU.ActiveCfg = Debug|Any CPU
		{7C1C473F-743E-4247-88A9-23BB4DBCEA8F}.Debug|Any CPU.Build.0 = Debug|Any CPU
		{7C1C473F-743E-4247-88A9-23BB4DBCEA8F}.Debug|x86.ActiveCfg = Debug|Any CPU
		{7C1C473F-743E-4247-88A9-23BB4DBCEA8F}.Debug|x86.Build.0 = Debug|Any CPU
		{7C1C473F-743E-4247-88A9-23BB4DBCEA8F}.Release|Any CPU.ActiveCfg = Release|Any CPU
		{7C1C473F-743E-4247-88A9-23BB4DBCEA8F}.Release|Any CPU.Build.0 = Release|Any CPU
		{7C1C473F-743E-4247-88A9-23BB4DBCEA8F}.Release|x86.ActiveCfg = Release|Any CPU
		{7C1C473F-743E-4247-88A9-23BB4DBCEA8F}.Release|x86.Build.0 = Release|Any CPU
		{0C676409-1CF8-459F-BC25-1599C6A01F13}.Debug|Any CPU.ActiveCfg = Debug|Any CPU
		{0C676409-1CF8-459F-BC25-1599C6A01F13}.Debug|Any CPU.Build.0 = Debug|Any CPU
		{0C676409-1CF8-459F-BC25-1599C6A01F13}.Debug|x86.ActiveCfg = Debug|Any CPU
		{0C676409-1CF8-459F-BC25-1599C6A01F13}.Debug|x86.Build.0 = Debug|Any CPU
		{0C676409-1CF8-459F-BC25-1599C6A01F13}.Release|Any CPU.ActiveCfg = Release|Any CPU
		{0C676409-1CF8-459F-BC25-1599C6A01F13}.Release|Any CPU.Build.0 = Release|Any CPU
		{0C676409-1CF8-459F-BC25-1599C6A01F13}.Release|x86.ActiveCfg = Release|Any CPU
		{0C676409-1CF8-459F-BC25-1599C6A01F13}.Release|x86.Build.0 = Release|Any CPU
		{DDEC9224-550B-43A0-BA19-3ED4105A28DA}.Debug|Any CPU.ActiveCfg = Debug|Any CPU
		{DDEC9224-550B-43A0-BA19-3ED4105A28DA}.Debug|Any CPU.Build.0 = Debug|Any CPU
		{DDEC9224-550B-43A0-BA19-3ED4105A28DA}.Debug|x86.ActiveCfg = Debug|Any CPU
		{DDEC9224-550B-43A0-BA19-3ED4105A28DA}.Debug|x86.Build.0 = Debug|Any CPU
		{DDEC9224-550B-43A0-BA19-3ED4105A28DA}.Release|Any CPU.ActiveCfg = Release|Any CPU
		{DDEC9224-550B-43A0-BA19-3ED4105A28DA}.Release|Any CPU.Build.0 = Release|Any CPU
		{DDEC9224-550B-43A0-BA19-3ED4105A28DA}.Release|x86.ActiveCfg = Release|Any CPU
		{DDEC9224-550B-43A0-BA19-3ED4105A28DA}.Release|x86.Build.0 = Release|Any CPU
	EndGlobalSection
	GlobalSection(SolutionProperties) = preSolution
		HideSolutionNode = FALSE
	EndGlobalSection
EndGlobal
