
Microsoft Visual Studio Solution File, Format Version 12.00
# Visual Studio 14
VisualStudioVersion = 14.0.25420.1
MinimumVisualStudioVersion = 10.0.40219.1
Project("{F2A71F9B-5D33-465A-A702-920D77279786}") = "WinFormApp1", "WinFormApp1\WinFormApp1.fsproj", "{17A49DB2-AA73-4E82-A9B5-5E4CE7793C65}"
EndProject
Global
	GlobalSection(SolutionConfigurationPlatforms) = preSolution
		Debug|Any CPU = Debug|Any CPU
		Release|Any CPU = Release|Any CPU
	EndGlobalSection
	GlobalSection(ProjectConfigurationPlatforms) = postSolution
		{17A49DB2-AA73-4E82-A9B5-5E4CE7793C65}.Debug|Any CPU.ActiveCfg = Debug|Any CPU
		{17A49DB2-AA73-4E82-A9B5-5E4CE7793C65}.Debug|Any CPU.Build.0 = Debug|Any CPU
		{17A49DB2-AA73-4E82-A9B5-5E4CE7793C65}.Release|Any CPU.ActiveCfg = Release|Any CPU
		{17A49DB2-AA73-4E82-A9B5-5E4CE7793C65}.Release|Any CPU.Build.0 = Release|Any CPU
	EndGlobalSection
	GlobalSection(SolutionProperties) = preSolution
		HideSolutionNode = FALSE
	EndGlobalSection
EndGlobal
